Microsoft Visual Studio Solution File, Format Version 12.00
# Visual Studio Version 17
VisualStudioVersion = 17.5.2.0
MinimumVisualStudioVersion = 10.0.40219.1
Project("{2150E333-8FDC-42A3-9474-1A3956D46DE8}") = "Original LabwareEditor", "Original LabwareEditor", "{B3200528-AEA0-DE23-3393-5BBE0782D6F5}"
EndProject
Project("{2150E333-8FDC-42A3-9474-1A3956D46DE8}") = "decompiled", "decompiled", "{49E8DF9B-F377-1E22-E0FE-38CE9B7BB8E0}"
EndProject
Project("{FAE04EC0-301F-11D3-BF4B-00C04F79EFBC}") = "HxLabwrEd2", "Original LabwareEditor\decompiled\HxLabwrEd2\HxLabwrEd2.csproj", "{C4EE1387-2309-8D4C-F3C5-BC3B0415777B}"
EndProject
Global
	GlobalSection(SolutionConfigurationPlatforms) = preSolution
		Debug|Any CPU = Debug|Any CPU
		Release|Any CPU = Release|Any CPU
	EndGlobalSection
	GlobalSection(ProjectConfigurationPlatforms) = postSolution
		{C4EE1387-2309-8D4C-F3C5-BC3B0415777B}.Debug|Any CPU.ActiveCfg = Debug|Any CPU
		{C4EE1387-2309-8D4C-F3C5-BC3B0415777B}.Debug|Any CPU.Build.0 = Debug|Any CPU
		{C4EE1387-2309-8D4C-F3C5-BC3B0415777B}.Release|Any CPU.ActiveCfg = Release|Any CPU
		{C4EE1387-2309-8D4C-F3C5-BC3B0415777B}.Release|Any CPU.Build.0 = Release|Any CPU
	EndGlobalSection
	GlobalSection(SolutionProperties) = preSolution
		HideSolutionNode = FALSE
	EndGlobalSection
	GlobalSection(NestedProjects) = preSolution
		{49E8DF9B-F377-1E22-E0FE-38CE9B7BB8E0} = {B3200528-AEA0-DE23-3393-5BBE0782D6F5}
		{C4EE1387-2309-8D4C-F3C5-BC3B0415777B} = {49E8DF9B-F377-1E22-E0FE-38CE9B7BB8E0}
	EndGlobalSection
	GlobalSection(ExtensibilityGlobals) = postSolution
		SolutionGuid = {6DA95AFA-AFAF-4B80-B662-24BCD6BB99A0}
	EndGlobalSection
EndGlobal
